# @generated by Move, please check-in and do not edit manually.

[move]
version = 3
manifest_digest = "FB57B070ADEC220545B871F1E0E6C3E886A02742961CFB447626ED48831DD650"
deps_digest = "F8BBB0CCB2491CA29A3DF03D6F92277A4F3574266507ACD77214D37ECA3F3082"
dependencies = [
  { id = "Sui", name = "Sui" },
]

[[move.package]]
id = "MoveStdlib"
source = { git = "https://github.com/MystenLabs/sui.git", rev = "framework/testnet", subdir = "crates/sui-framework/packages/move-stdlib" }

[[move.package]]
id = "Sui"
source = { git = "https://github.com/MystenLabs/sui.git", rev = "framework/testnet", subdir = "crates/sui-framework/packages/sui-framework" }

dependencies = [
  { id = "MoveStdlib", name = "MoveStdlib" },
]

[move.toolchain-version]
compiler-version = "1.53.1"
edition = "2024.beta"
flavor = "sui"

[env]

[env.devnet]
chain-id = "eaa01338"
original-published-id = "0xfed01d5b37b8d9799d9701a0433cad73ea82c99ebd2a5e4198ba3c64d4857bda"
latest-published-id = "0xfed01d5b37b8d9799d9701a0433cad73ea82c99ebd2a5e4198ba3c64d4857bda"
published-version = "1"
